// !$*UTF8*$!
{
	archiveVersion = 1;
	classes = {
	};
	objectVersion = 46;
	objects = {

/* Begin PBXBuildFile section */
		006C7966209304C50061BCD7 /* UIView+LVMCornerRadius.m in Sources */ = {isa = PBXBuildFile; fileRef = 006C794F209304C50061BCD7 /* UIView+LVMCornerRadius.m */; };
		006C7967209304C50061BCD7 /* img_alertHUD_statusBar_warning_icon@2x.png in Resources */ = {isa = PBXBuildFile; fileRef = 006C7951209304C50061BCD7 /* img_alertHUD_statusBar_warning_icon@2x.png */; };
		006C7968209304C50061BCD7 /* img_alertHUD_statusBar_warning_icon@3x.png in Resources */ = {isa = PBXBuildFile; fileRef = 006C7952209304C50061BCD7 /* img_alertHUD_statusBar_warning_icon@3x.png */; };
		006C7969209304C50061BCD7 /* LVMStatusBarHUD.m in Sources */ = {isa = PBXBuildFile; fileRef = 006C7955209304C50061BCD7 /* LVMStatusBarHUD.m */; };
		006C796A209304C50061BCD7 /* LVMToastHUD.m in Sources */ = {isa = PBXBuildFile; fileRef = 006C7958209304C50061BCD7 /* LVMToastHUD.m */; };
		0076B4F220E78778007D9CA9 /* LVMAlertHUDConfigure.m in Sources */ = {isa = PBXBuildFile; fileRef = 0076B4D320E78778007D9CA9 /* LVMAlertHUDConfigure.m */; };
		0076B4F320E78778007D9CA9 /* LVMAlertAction+DSL.m in Sources */ = {isa = PBXBuildFile; fileRef = 0076B4D720E78778007D9CA9 /* LVMAlertAction+DSL.m */; };
		0076B4F420E78778007D9CA9 /* LVMAlertTransition.m in Sources */ = {isa = PBXBuildFile; fileRef = 0076B4DB20E78778007D9CA9 /* LVMAlertTransition.m */; };
		0076B4F520E78778007D9CA9 /* LVMAlertPresentationController.m in Sources */ = {isa = PBXBuildFile; fileRef = 0076B4DE20E78778007D9CA9 /* LVMAlertPresentationController.m */; };
		0076B4F620E78778007D9CA9 /* LVMAlertCell.m in Sources */ = {isa = PBXBuildFile; fileRef = 0076B4E220E78778007D9CA9 /* LVMAlertCell.m */; };
		0076B4F720E78778007D9CA9 /* LVMAlertButtonCell.m in Sources */ = {isa = PBXBuildFile; fileRef = 0076B4E420E78778007D9CA9 /* LVMAlertButtonCell.m */; };
		0076B4F820E78778007D9CA9 /* _LVMAlertController+Private.m in Sources */ = {isa = PBXBuildFile; fileRef = 0076B4E620E78778007D9CA9 /* _LVMAlertController+Private.m */; };
		0076B4F920E78778007D9CA9 /* _LVMAlertAction+Private.m in Sources */ = {isa = PBXBuildFile; fileRef = 0076B4E720E78778007D9CA9 /* _LVMAlertAction+Private.m */; };
		0076B4FA20E78778007D9CA9 /* LVMAlertAction.m in Sources */ = {isa = PBXBuildFile; fileRef = 0076B4EA20E78778007D9CA9 /* LVMAlertAction.m */; };
		0076B4FB20E78778007D9CA9 /* LVMAlertController+Convenient.m in Sources */ = {isa = PBXBuildFile; fileRef = 0076B4EC20E78778007D9CA9 /* LVMAlertController+Convenient.m */; };
		0076B4FC20E78778007D9CA9 /* LVMAlertController.m in Sources */ = {isa = PBXBuildFile; fileRef = 0076B4ED20E78778007D9CA9 /* LVMAlertController.m */; };
		0076B4FD20E78778007D9CA9 /* LVMAlertController+DSL.m in Sources */ = {isa = PBXBuildFile; fileRef = 0076B4EE20E78778007D9CA9 /* LVMAlertController+DSL.m */; };
		0076B4FE20E78778007D9CA9 /* LVMAlertHeaderView.m in Sources */ = {isa = PBXBuildFile; fileRef = 0076B4F120E78778007D9CA9 /* LVMAlertHeaderView.m */; };
		B843D83C1CF95AA2001A5CB9 /* DetailViewController.m in Sources */ = {isa = PBXBuildFile; fileRef = B843D83B1CF95AA2001A5CB9 /* DetailViewController.m */; };
		B86570691CFE9587002AE898 /* secoo_logo@2x.png in Resources */ = {isa = PBXBuildFile; fileRef = B86570671CFE9587002AE898 /* secoo_logo@2x.png */; };
		B865706A1CFE9587002AE898 /* secoo_logo@3x.png in Resources */ = {isa = PBXBuildFile; fileRef = B86570681CFE9587002AE898 /* secoo_logo@3x.png */; };
		B8719F781CF833FE0049FD5B /* main.m in Sources */ = {isa = PBXBuildFile; fileRef = B8719F771CF833FE0049FD5B /* main.m */; };
		B8719F7B1CF833FE0049FD5B /* AppDelegate.m in Sources */ = {isa = PBXBuildFile; fileRef = B8719F7A1CF833FE0049FD5B /* AppDelegate.m */; };
		B8719F811CF833FE0049FD5B /* Main.storyboard in Resources */ = {isa = PBXBuildFile; fileRef = B8719F7F1CF833FE0049FD5B /* Main.storyboard */; };
		B8719F831CF833FE0049FD5B /* Assets.xcassets in Resources */ = {isa = PBXBuildFile; fileRef = B8719F821CF833FE0049FD5B /* Assets.xcassets */; };
		B8719F861CF833FE0049FD5B /* LaunchScreen.storyboard in Resources */ = {isa = PBXBuildFile; fileRef = B8719F841CF833FE0049FD5B /* LaunchScreen.storyboard */; };
		B8719F911CF834C70049FD5B /* MainViewController.m in Sources */ = {isa = PBXBuildFile; fileRef = B8719F901CF834C70049FD5B /* MainViewController.m */; };
/* End PBXBuildFile section */

/* Begin PBXFileReference section */
		006C794E209304C50061BCD7 /* UIView+LVMCornerRadius.h */ = {isa = PBXFileReference; fileEncoding = 4; lastKnownFileType = sourcecode.c.h; path = "UIView+LVMCornerRadius.h"; sourceTree = "<group>"; };
		006C794F209304C50061BCD7 /* UIView+LVMCornerRadius.m */ = {isa = PBXFileReference; fileEncoding = 4; lastKnownFileType = sourcecode.c.objc; path = "UIView+LVMCornerRadius.m"; sourceTree = "<group>"; };
		006C7951209304C50061BCD7 /* img_alertHUD_statusBar_warning_icon@2x.png */ = {isa = PBXFileReference; lastKnownFileType = image.png; path = "img_alertHUD_statusBar_warning_icon@2x.png"; sourceTree = "<group>"; };
		006C7952209304C50061BCD7 /* img_alertHUD_statusBar_warning_icon@3x.png */ = {isa = PBXFileReference; lastKnownFileType = image.png; path = "img_alertHUD_statusBar_warning_icon@3x.png"; sourceTree = "<group>"; };
		006C7954209304C50061BCD7 /* LVMStatusBarHUD.h */ = {isa = PBXFileReference; fileEncoding = 4; lastKnownFileType = sourcecode.c.h; path = LVMStatusBarHUD.h; sourceTree = "<group>"; };
		006C7955209304C50061BCD7 /* LVMStatusBarHUD.m */ = {isa = PBXFileReference; fileEncoding = 4; lastKnownFileType = sourcecode.c.objc; path = LVMStatusBarHUD.m; sourceTree = "<group>"; };
		006C7957209304C50061BCD7 /* LVMToastHUD.h */ = {isa = PBXFileReference; fileEncoding = 4; lastKnownFileType = sourcecode.c.h; path = LVMToastHUD.h; sourceTree = "<group>"; };
		006C7958209304C50061BCD7 /* LVMToastHUD.m */ = {isa = PBXFileReference; fileEncoding = 4; lastKnownFileType = sourcecode.c.objc; path = LVMToastHUD.m; sourceTree = "<group>"; };
		0076B4D320E78778007D9CA9 /* LVMAlertHUDConfigure.m */ = {isa = PBXFileReference; fileEncoding = 4; lastKnownFileType = sourcecode.c.objc; path = LVMAlertHUDConfigure.m; sourceTree = "<group>"; };
		0076B4D420E78778007D9CA9 /* LVMAlertHUDDefinition.h */ = {isa = PBXFileReference; fileEncoding = 4; lastKnownFileType = sourcecode.c.h; path = LVMAlertHUDDefinition.h; sourceTree = "<group>"; };
		0076B4D520E78778007D9CA9 /* LVMAlertHUDConfigure.h */ = {isa = PBXFileReference; fileEncoding = 4; lastKnownFileType = sourcecode.c.h; path = LVMAlertHUDConfigure.h; sourceTree = "<group>"; };
		0076B4D620E78778007D9CA9 /* LVMAlertController+Convenient.h */ = {isa = PBXFileReference; fileEncoding = 4; lastKnownFileType = sourcecode.c.h; path = "LVMAlertController+Convenient.h"; sourceTree = "<group>"; };
		0076B4D720E78778007D9CA9 /* LVMAlertAction+DSL.m */ = {isa = PBXFileReference; fileEncoding = 4; lastKnownFileType = sourcecode.c.objc; path = "LVMAlertAction+DSL.m"; sourceTree = "<group>"; };
		0076B4D820E78778007D9CA9 /* LVMAlertAction.h */ = {isa = PBXFileReference; fileEncoding = 4; lastKnownFileType = sourcecode.c.h; path = LVMAlertAction.h; sourceTree = "<group>"; };
		0076B4D920E78778007D9CA9 /* LVMAlertController.h */ = {isa = PBXFileReference; fileEncoding = 4; lastKnownFileType = sourcecode.c.h; path = LVMAlertController.h; sourceTree = "<group>"; };
		0076B4DB20E78778007D9CA9 /* LVMAlertTransition.m */ = {isa = PBXFileReference; fileEncoding = 4; lastKnownFileType = sourcecode.c.objc; path = LVMAlertTransition.m; sourceTree = "<group>"; };
		0076B4DC20E78778007D9CA9 /* LVMAlertPresentationController.h */ = {isa = PBXFileReference; fileEncoding = 4; lastKnownFileType = sourcecode.c.h; path = LVMAlertPresentationController.h; sourceTree = "<group>"; };
		0076B4DD20E78778007D9CA9 /* LVMAlertTransition.h */ = {isa = PBXFileReference; fileEncoding = 4; lastKnownFileType = sourcecode.c.h; path = LVMAlertTransition.h; sourceTree = "<group>"; };
		0076B4DE20E78778007D9CA9 /* LVMAlertPresentationController.m */ = {isa = PBXFileReference; fileEncoding = 4; lastKnownFileType = sourcecode.c.objc; path = LVMAlertPresentationController.m; sourceTree = "<group>"; };
		0076B4DF20E78778007D9CA9 /* LVMAlertController+DSL.h */ = {isa = PBXFileReference; fileEncoding = 4; lastKnownFileType = sourcecode.c.h; path = "LVMAlertController+DSL.h"; sourceTree = "<group>"; };
		0076B4E120E78778007D9CA9 /* LVMAlertButtonCell.h */ = {isa = PBXFileReference; fileEncoding = 4; lastKnownFileType = sourcecode.c.h; path = LVMAlertButtonCell.h; sourceTree = "<group>"; };
		0076B4E220E78778007D9CA9 /* LVMAlertCell.m */ = {isa = PBXFileReference; fileEncoding = 4; lastKnownFileType = sourcecode.c.objc; path = LVMAlertCell.m; sourceTree = "<group>"; };
		0076B4E320E78778007D9CA9 /* LVMAlertCell.h */ = {isa = PBXFileReference; fileEncoding = 4; lastKnownFileType = sourcecode.c.h; path = LVMAlertCell.h; sourceTree = "<group>"; };
		0076B4E420E78778007D9CA9 /* LVMAlertButtonCell.m */ = {isa = PBXFileReference; fileEncoding = 4; lastKnownFileType = sourcecode.c.objc; path = LVMAlertButtonCell.m; sourceTree = "<group>"; };
		0076B4E620E78778007D9CA9 /* _LVMAlertController+Private.m */ = {isa = PBXFileReference; fileEncoding = 4; lastKnownFileType = sourcecode.c.objc; path = "_LVMAlertController+Private.m"; sourceTree = "<group>"; };
		0076B4E720E78778007D9CA9 /* _LVMAlertAction+Private.m */ = {isa = PBXFileReference; fileEncoding = 4; lastKnownFileType = sourcecode.c.objc; path = "_LVMAlertAction+Private.m"; sourceTree = "<group>"; };
		0076B4E820E78778007D9CA9 /* _LVMAlertAction+Private.h */ = {isa = PBXFileReference; fileEncoding = 4; lastKnownFileType = sourcecode.c.h; path = "_LVMAlertAction+Private.h"; sourceTree = "<group>"; };
		0076B4E920E78778007D9CA9 /* _LVMAlertController+Private.h */ = {isa = PBXFileReference; fileEncoding = 4; lastKnownFileType = sourcecode.c.h; path = "_LVMAlertController+Private.h"; sourceTree = "<group>"; };
		0076B4EA20E78778007D9CA9 /* LVMAlertAction.m */ = {isa = PBXFileReference; fileEncoding = 4; lastKnownFileType = sourcecode.c.objc; path = LVMAlertAction.m; sourceTree = "<group>"; };
		0076B4EB20E78778007D9CA9 /* LVMAlertAction+DSL.h */ = {isa = PBXFileReference; fileEncoding = 4; lastKnownFileType = sourcecode.c.h; path = "LVMAlertAction+DSL.h"; sourceTree = "<group>"; };
		0076B4EC20E78778007D9CA9 /* LVMAlertController+Convenient.m */ = {isa = PBXFileReference; fileEncoding = 4; lastKnownFileType = sourcecode.c.objc; path = "LVMAlertController+Convenient.m"; sourceTree = "<group>"; };
		0076B4ED20E78778007D9CA9 /* LVMAlertController.m */ = {isa = PBXFileReference; fileEncoding = 4; lastKnownFileType = sourcecode.c.objc; path = LVMAlertController.m; sourceTree = "<group>"; };
		0076B4EE20E78778007D9CA9 /* LVMAlertController+DSL.m */ = {isa = PBXFileReference; fileEncoding = 4; lastKnownFileType = sourcecode.c.objc; path = "LVMAlertController+DSL.m"; sourceTree = "<group>"; };
		0076B4F020E78778007D9CA9 /* LVMAlertHeaderView.h */ = {isa = PBXFileReference; fileEncoding = 4; lastKnownFileType = sourcecode.c.h; path = LVMAlertHeaderView.h; sourceTree = "<group>"; };
		0076B4F120E78778007D9CA9 /* LVMAlertHeaderView.m */ = {isa = PBXFileReference; fileEncoding = 4; lastKnownFileType = sourcecode.c.objc; path = LVMAlertHeaderView.m; sourceTree = "<group>"; };
		7141002772F78B936C928362 /* Pods_LVMAlertHUD.framework */ = {isa = PBXFileReference; explicitFileType = wrapper.framework; includeInIndex = 0; path = Pods_LVMAlertHUD.framework; sourceTree = BUILT_PRODUCTS_DIR; };
		B843D83A1CF95AA2001A5CB9 /* DetailViewController.h */ = {isa = PBXFileReference; fileEncoding = 4; lastKnownFileType = sourcecode.c.h; path = DetailViewController.h; sourceTree = "<group>"; };
		B843D83B1CF95AA2001A5CB9 /* DetailViewController.m */ = {isa = PBXFileReference; fileEncoding = 4; lastKnownFileType = sourcecode.c.objc; path = DetailViewController.m; sourceTree = "<group>"; };
		B86570671CFE9587002AE898 /* secoo_logo@2x.png */ = {isa = PBXFileReference; lastKnownFileType = image.png; path = "secoo_logo@2x.png"; sourceTree = "<group>"; };
		B86570681CFE9587002AE898 /* secoo_logo@3x.png */ = {isa = PBXFileReference; lastKnownFileType = image.png; path = "secoo_logo@3x.png"; sourceTree = "<group>"; };
		B8719F731CF833FE0049FD5B /* LVMAlertHUD.app */ = {isa = PBXFileReference; explicitFileType = wrapper.application; includeInIndex = 0; path = LVMAlertHUD.app; sourceTree = BUILT_PRODUCTS_DIR; };
		B8719F771CF833FE0049FD5B /* main.m */ = {isa = PBXFileReference; lastKnownFileType = sourcecode.c.objc; path = main.m; sourceTree = "<group>"; };
		B8719F791CF833FE0049FD5B /* AppDelegate.h */ = {isa = PBXFileReference; lastKnownFileType = sourcecode.c.h; path = AppDelegate.h; sourceTree = "<group>"; };
		B8719F7A1CF833FE0049FD5B /* AppDelegate.m */ = {isa = PBXFileReference; lastKnownFileType = sourcecode.c.objc; path = AppDelegate.m; sourceTree = "<group>"; };
		B8719F801CF833FE0049FD5B /* Base */ = {isa = PBXFileReference; lastKnownFileType = file.storyboard; name = Base; path = Base.lproj/Main.storyboard; sourceTree = "<group>"; };
		B8719F821CF833FE0049FD5B /* Assets.xcassets */ = {isa = PBXFileReference; lastKnownFileType = folder.assetcatalog; path = Assets.xcassets; sourceTree = "<group>"; };
		B8719F851CF833FE0049FD5B /* Base */ = {isa = PBXFileReference; lastKnownFileType = file.storyboard; name = Base; path = Base.lproj/LaunchScreen.storyboard; sourceTree = "<group>"; };
		B8719F871CF833FE0049FD5B /* Info.plist */ = {isa = PBXFileReference; lastKnownFileType = text.plist.xml; path = Info.plist; sourceTree = "<group>"; };
		B8719F8F1CF834C70049FD5B /* MainViewController.h */ = {isa = PBXFileReference; fileEncoding = 4; lastKnownFileType = sourcecode.c.h; path = MainViewController.h; sourceTree = "<group>"; };
		B8719F901CF834C70049FD5B /* MainViewController.m */ = {isa = PBXFileReference; fileEncoding = 4; lastKnownFileType = sourcecode.c.objc; path = MainViewController.m; sourceTree = "<group>"; };
/* End PBXFileReference section */

/* Begin PBXFrameworksBuildPhase section */
		B8719F701CF833FE0049FD5B /* Frameworks */ = {
			isa = PBXFrameworksBuildPhase;
			buildActionMask = 2147483647;
			files = (
			);
			runOnlyForDeploymentPostprocessing = 0;
		};
/* End PBXFrameworksBuildPhase section */

/* Begin PBXGroup section */
		006C792B209304C50061BCD7 /* Source */ = {
			isa = PBXGroup;
			children = (
				0076B4D120E78778007D9CA9 /* AlertController */,
				006C7956209304C50061BCD7 /* Toast */,
				006C7953209304C50061BCD7 /* StatusBarHUD */,
				006C7950209304C50061BCD7 /* Resource */,
				006C794D209304C50061BCD7 /* Helper */,
			);
			path = Source;
			sourceTree = "<group>";
		};
		006C794D209304C50061BCD7 /* Helper */ = {
			isa = PBXGroup;
			children = (
				006C794E209304C50061BCD7 /* UIView+LVMCornerRadius.h */,
				006C794F209304C50061BCD7 /* UIView+LVMCornerRadius.m */,
			);
			path = Helper;
			sourceTree = "<group>";
		};
		006C7950209304C50061BCD7 /* Resource */ = {
			isa = PBXGroup;
			children = (
				006C7951209304C50061BCD7 /* img_alertHUD_statusBar_warning_icon@2x.png */,
				006C7952209304C50061BCD7 /* img_alertHUD_statusBar_warning_icon@3x.png */,
			);
			path = Resource;
			sourceTree = "<group>";
		};
		006C7953209304C50061BCD7 /* StatusBarHUD */ = {
			isa = PBXGroup;
			children = (
				006C7954209304C50061BCD7 /* LVMStatusBarHUD.h */,
				006C7955209304C50061BCD7 /* LVMStatusBarHUD.m */,
			);
			path = StatusBarHUD;
			sourceTree = "<group>";
		};
		006C7956209304C50061BCD7 /* Toast */ = {
			isa = PBXGroup;
			children = (
				006C7957209304C50061BCD7 /* LVMToastHUD.h */,
				006C7958209304C50061BCD7 /* LVMToastHUD.m */,
			);
			path = Toast;
			sourceTree = "<group>";
		};
		0076B4D120E78778007D9CA9 /* AlertController */ = {
			isa = PBXGroup;
			children = (
				0076B4D920E78778007D9CA9 /* LVMAlertController.h */,
				0076B4ED20E78778007D9CA9 /* LVMAlertController.m */,
				0076B4D820E78778007D9CA9 /* LVMAlertAction.h */,
				0076B4EA20E78778007D9CA9 /* LVMAlertAction.m */,
				0076B4EB20E78778007D9CA9 /* LVMAlertAction+DSL.h */,
				0076B4D720E78778007D9CA9 /* LVMAlertAction+DSL.m */,
				0076B4DF20E78778007D9CA9 /* LVMAlertController+DSL.h */,
				0076B4EE20E78778007D9CA9 /* LVMAlertController+DSL.m */,
				0076B4D620E78778007D9CA9 /* LVMAlertController+Convenient.h */,
				0076B4EC20E78778007D9CA9 /* LVMAlertController+Convenient.m */,
				0076B4DA20E78778007D9CA9 /* Animation */,
				0076B4E020E78778007D9CA9 /* Cell */,
				0076B4E520E78778007D9CA9 /* Private */,
				0076B4D220E78778007D9CA9 /* Configuration */,
				0076B4EF20E78778007D9CA9 /* Header */,
			);
			path = AlertController;
			sourceTree = "<group>";
		};
		0076B4D220E78778007D9CA9 /* Configuration */ = {
			isa = PBXGroup;
			children = (
				0076B4D420E78778007D9CA9 /* LVMAlertHUDDefinition.h */,
				0076B4D520E78778007D9CA9 /* LVMAlertHUDConfigure.h */,
				0076B4D320E78778007D9CA9 /* LVMAlertHUDConfigure.m */,
			);
			path = Configuration;
			sourceTree = "<group>";
		};
		0076B4DA20E78778007D9CA9 /* Animation */ = {
			isa = PBXGroup;
			children = (
				0076B4DD20E78778007D9CA9 /* LVMAlertTransition.h */,
				0076B4DB20E78778007D9CA9 /* LVMAlertTransition.m */,
				0076B4DC20E78778007D9CA9 /* LVMAlertPresentationController.h */,
				0076B4DE20E78778007D9CA9 /* LVMAlertPresentationController.m */,
			);
			path = Animation;
			sourceTree = "<group>";
		};
		0076B4E020E78778007D9CA9 /* Cell */ = {
			isa = PBXGroup;
			children = (
				0076B4E320E78778007D9CA9 /* LVMAlertCell.h */,
				0076B4E220E78778007D9CA9 /* LVMAlertCell.m */,
				0076B4E120E78778007D9CA9 /* LVMAlertButtonCell.h */,
				0076B4E420E78778007D9CA9 /* LVMAlertButtonCell.m */,
			);
			path = Cell;
			sourceTree = "<group>";
		};
		0076B4E520E78778007D9CA9 /* Private */ = {
			isa = PBXGroup;
			children = (
				0076B4E820E78778007D9CA9 /* _LVMAlertAction+Private.h */,
				0076B4E720E78778007D9CA9 /* _LVMAlertAction+Private.m */,
				0076B4E920E78778007D9CA9 /* _LVMAlertController+Private.h */,
				0076B4E620E78778007D9CA9 /* _LVMAlertController+Private.m */,
			);
			path = Private;
			sourceTree = "<group>";
		};
		0076B4EF20E78778007D9CA9 /* Header */ = {
			isa = PBXGroup;
			children = (
				0076B4F020E78778007D9CA9 /* LVMAlertHeaderView.h */,
				0076B4F120E78778007D9CA9 /* LVMAlertHeaderView.m */,
			);
			path = Header;
			sourceTree = "<group>";
		};
		57B3872E8AACC39AC80D237A /* Frameworks */ = {
			isa = PBXGroup;
			children = (
				7141002772F78B936C928362 /* Pods_LVMAlertHUD.framework */,
			);
			name = Frameworks;
			sourceTree = "<group>";
		};
		B8719F6A1CF833FE0049FD5B = {
			isa = PBXGroup;
			children = (
				B8719F751CF833FE0049FD5B /* LVMAlertHUD */,
				B8719F741CF833FE0049FD5B /* Products */,
				57B3872E8AACC39AC80D237A /* Frameworks */,
			);
			sourceTree = "<group>";
		};
		B8719F741CF833FE0049FD5B /* Products */ = {
			isa = PBXGroup;
			children = (
				B8719F731CF833FE0049FD5B /* LVMAlertHUD.app */,
			);
			name = Products;
			sourceTree = "<group>";
		};
		B8719F751CF833FE0049FD5B /* LVMAlertHUD */ = {
			isa = PBXGroup;
			children = (
				006C792B209304C50061BCD7 /* Source */,
				B8719F8D1CF834550049FD5B /* Demo */,
				B8719F791CF833FE0049FD5B /* AppDelegate.h */,
				B8719F7A1CF833FE0049FD5B /* AppDelegate.m */,
				B8719F7F1CF833FE0049FD5B /* Main.storyboard */,
				B8719F821CF833FE0049FD5B /* Assets.xcassets */,
				B8719F841CF833FE0049FD5B /* LaunchScreen.storyboard */,
				B8719F871CF833FE0049FD5B /* Info.plist */,
				B8719F761CF833FE0049FD5B /* Supporting Files */,
			);
			path = LVMAlertHUD;
			sourceTree = "<group>";
		};
		B8719F761CF833FE0049FD5B /* Supporting Files */ = {
			isa = PBXGroup;
			children = (
				B86570671CFE9587002AE898 /* secoo_logo@2x.png */,
				B86570681CFE9587002AE898 /* secoo_logo@3x.png */,
				B8719F771CF833FE0049FD5B /* main.m */,
			);
			name = "Supporting Files";
			sourceTree = "<group>";
		};
		B8719F8D1CF834550049FD5B /* Demo */ = {
			isa = PBXGroup;
			children = (
				B8719F8F1CF834C70049FD5B /* MainViewController.h */,
				B8719F901CF834C70049FD5B /* MainViewController.m */,
				B843D83A1CF95AA2001A5CB9 /* DetailViewController.h */,
				B843D83B1CF95AA2001A5CB9 /* DetailViewController.m */,
			);
			path = Demo;
			sourceTree = "<group>";
		};
/* End PBXGroup section */

/* Begin PBXNativeTarget section */
		B8719F721CF833FE0049FD5B /* LVMAlertHUD */ = {
			isa = PBXNativeTarget;
			buildConfigurationList = B8719F8A1CF833FE0049FD5B /* Build configuration list for PBXNativeTarget "LVMAlertHUD" */;
			buildPhases = (
				B8719F6F1CF833FE0049FD5B /* Sources */,
				B8719F701CF833FE0049FD5B /* Frameworks */,
				B8719F711CF833FE0049FD5B /* Resources */,
			);
			buildRules = (
			);
			dependencies = (
			);
			name = LVMAlertHUD;
			productName = LVMAlertHUD;
			productReference = B8719F731CF833FE0049FD5B /* LVMAlertHUD.app */;
			productType = "com.apple.product-type.application";
		};
/* End PBXNativeTarget section */

/* Begin PBXProject section */
		B8719F6B1CF833FE0049FD5B /* Project object */ = {
			isa = PBXProject;
			attributes = {
				LastUpgradeCheck = 0730;
				ORGANIZATIONNAME = secoo;
				TargetAttributes = {
					B8719F721CF833FE0049FD5B = {
						CreatedOnToolsVersion = 7.3.1;
						DevelopmentTeam = K2VBE95LX6;
					};
				};
			};
			buildConfigurationList = B8719F6E1CF833FE0049FD5B /* Build configuration list for PBXProject "LVMAlertHUD" */;
			compatibilityVersion = "Xcode 3.2";
			developmentRegion = English;
			hasScannedForEncodings = 0;
			knownRegions = (
				en,
				Base,
			);
			mainGroup = B8719F6A1CF833FE0049FD5B;
			productRefGroup = B8719F741CF833FE0049FD5B /* Products */;
			projectDirPath = "";
			projectRoot = "";
			targets = (
				B8719F721CF833FE0049FD5B /* LVMAlertHUD */,
			);
		};
/* End PBXProject section */

/* Begin PBXResourcesBuildPhase section */
		B8719F711CF833FE0049FD5B /* Resources */ = {
			isa = PBXResourcesBuildPhase;
			buildActionMask = 2147483647;
			files = (
				B865706A1CFE9587002AE898 /* secoo_logo@3x.png in Resources */,
				006C7968209304C50061BCD7 /* img_alertHUD_statusBar_warning_icon@3x.png in Resources */,
				B8719F861CF833FE0049FD5B /* LaunchScreen.storyboard in Resources */,
				B8719F831CF833FE0049FD5B /* Assets.xcassets in Resources */,
				006C7967209304C50061BCD7 /* img_alertHUD_statusBar_warning_icon@2x.png in Resources */,
				B8719F811CF833FE0049FD5B /* Main.storyboard in Resources */,
				B86570691CFE9587002AE898 /* secoo_logo@2x.png in Resources */,
			);
			runOnlyForDeploymentPostprocessing = 0;
		};
/* End PBXResourcesBuildPhase section */

/* Begin PBXSourcesBuildPhase section */
		B8719F6F1CF833FE0049FD5B /* Sources */ = {
			isa = PBXSourcesBuildPhase;
			buildActionMask = 2147483647;
			files = (
				0076B4FA20E78778007D9CA9 /* LVMAlertAction.m in Sources */,
				0076B4F620E78778007D9CA9 /* LVMAlertCell.m in Sources */,
				0076B4F720E78778007D9CA9 /* LVMAlertButtonCell.m in Sources */,
				B843D83C1CF95AA2001A5CB9 /* DetailViewController.m in Sources */,
				B8719F7B1CF833FE0049FD5B /* AppDelegate.m in Sources */,
				B8719F911CF834C70049FD5B /* MainViewController.m in Sources */,
				0076B4F520E78778007D9CA9 /* LVMAlertPresentationController.m in Sources */,
				0076B4F220E78778007D9CA9 /* LVMAlertHUDConfigure.m in Sources */,
				0076B4FC20E78778007D9CA9 /* LVMAlertController.m in Sources */,
				006C796A209304C50061BCD7 /* LVMToastHUD.m in Sources */,
				006C7966209304C50061BCD7 /* UIView+LVMCornerRadius.m in Sources */,
				0076B4FB20E78778007D9CA9 /* LVMAlertController+Convenient.m in Sources */,
				0076B4F320E78778007D9CA9 /* LVMAlertAction+DSL.m in Sources */,
				0076B4F820E78778007D9CA9 /* _LVMAlertController+Private.m in Sources */,
				0076B4FE20E78778007D9CA9 /* LVMAlertHeaderView.m in Sources */,
				0076B4F920E78778007D9CA9 /* _LVMAlertAction+Private.m in Sources */,
				006C7969209304C50061BCD7 /* LVMStatusBarHUD.m in Sources */,
				0076B4FD20E78778007D9CA9 /* LVMAlertController+DSL.m in Sources */,
				B8719F781CF833FE0049FD5B /* main.m in Sources */,
				0076B4F420E78778007D9CA9 /* LVMAlertTransition.m in Sources */,
			);
			runOnlyForDeploymentPostprocessing = 0;
		};
/* End PBXSourcesBuildPhase section */

/* Begin PBXVariantGroup section */
		B8719F7F1CF833FE0049FD5B /* Main.storyboard */ = {
			isa = PBXVariantGroup;
			children = (
				B8719F801CF833FE0049FD5B /* Base */,
			);
			name = Main.storyboard;
			sourceTree = "<group>";
		};
		B8719F841CF833FE0049FD5B /* LaunchScreen.storyboard */ = {
			isa = PBXVariantGroup;
			children = (
				B8719F851CF833FE0049FD5B /* Base */,
			);
			name = LaunchScreen.storyboard;
			sourceTree = "<group>";
		};
/* End PBXVariantGroup section */

/* Begin XCBuildConfiguration section */
		B8719F881CF833FE0049FD5B /* Debug */ = {
			isa = XCBuildConfiguration;
			buildSettings = {
				ALWAYS_SEARCH_USER_PATHS = NO;
				CLANG_ANALYZER_NONNULL = YES;
				CLANG_CXX_LANGUAGE_STANDARD = "gnu++0x";
				CLANG_CXX_LIBRARY = "libc++";
				CLANG_ENABLE_MODULES = YES;
				CLANG_ENABLE_OBJC_ARC = YES;
				CLANG_WARN_BOOL_CONVERSION = YES;
				CLANG_WARN_CONSTANT_CONVERSION = YES;
				CLANG_WARN_DIRECT_OBJC_ISA_USAGE = YES_ERROR;
				CLANG_WARN_EMPTY_BODY = YES;
				CLANG_WARN_ENUM_CONVERSION = YES;
				CLANG_WARN_INT_CONVERSION = YES;
				CLANG_WARN_OBJC_ROOT_CLASS = YES_ERROR;
				CLANG_WARN_UNREACHABLE_CODE = YES;
				CLANG_WARN__DUPLICATE_METHOD_MATCH = YES;
				"CODE_SIGN_IDENTITY[sdk=iphoneos*]" = "iPhone Developer";
				COPY_PHASE_STRIP = NO;
				DEBUG_INFORMATION_FORMAT = dwarf;
				ENABLE_STRICT_OBJC_MSGSEND = YES;
				ENABLE_TESTABILITY = YES;
				GCC_C_LANGUAGE_STANDARD = gnu99;
				GCC_DYNAMIC_NO_PIC = NO;
				GCC_NO_COMMON_BLOCKS = YES;
				GCC_OPTIMIZATION_LEVEL = 0;
				GCC_PREPROCESSOR_DEFINITIONS = (
					"DEBUG=1",
					"$(inherited)",
				);
				GCC_WARN_64_TO_32_BIT_CONVERSION = YES;
				GCC_WARN_ABOUT_RETURN_TYPE = YES_ERROR;
				GCC_WARN_UNDECLARED_SELECTOR = YES;
				GCC_WARN_UNINITIALIZED_AUTOS = YES_AGGRESSIVE;
				GCC_WARN_UNUSED_FUNCTION = YES;
				GCC_WARN_UNUSED_VARIABLE = YES;
				IPHONEOS_DEPLOYMENT_TARGET = 9.3;
				MTL_ENABLE_DEBUG_INFO = YES;
				ONLY_ACTIVE_ARCH = YES;
				SDKROOT = iphoneos;
				TARGETED_DEVICE_FAMILY = "1,2";
			};
			name = Debug;
		};
		B8719F891CF833FE0049FD5B /* Release */ = {
			isa = XCBuildConfiguration;
			buildSettings = {
				ALWAYS_SEARCH_USER_PATHS = NO;
				CLANG_ANALYZER_NONNULL = YES;
				CLANG_CXX_LANGUAGE_STANDARD = "gnu++0x";
				CLANG_CXX_LIBRARY = "libc++";
				CLANG_ENABLE_MODULES = YES;
				CLANG_ENABLE_OBJC_ARC = YES;
				CLANG_WARN_BOOL_CONVERSION = YES;
				CLANG_WARN_CONSTANT_CONVERSION = YES;
				CLANG_WARN_DIRECT_OBJC_ISA_USAGE = YES_ERROR;
				CLANG_WARN_EMPTY_BODY = YES;
				CLANG_WARN_ENUM_CONVERSION = YES;
				CLANG_WARN_INT_CONVERSION = YES;
				CLANG_WARN_OBJC_ROOT_CLASS = YES_ERROR;
				CLANG_WARN_UNREACHABLE_CODE = YES;
				CLANG_WARN__DUPLICATE_METHOD_MATCH = YES;
				"CODE_SIGN_IDENTITY[sdk=iphoneos*]" = "iPhone Developer";
				COPY_PHASE_STRIP = NO;
				DEBUG_INFORMATION_FORMAT = "dwarf-with-dsym";
				ENABLE_NS_ASSERTIONS = NO;
				ENABLE_STRICT_OBJC_MSGSEND = YES;
				GCC_C_LANGUAGE_STANDARD = gnu99;
				GCC_NO_COMMON_BLOCKS = YES;
				GCC_WARN_64_TO_32_BIT_CONVERSION = YES;
				GCC_WARN_ABOUT_RETURN_TYPE = YES_ERROR;
				GCC_WARN_UNDECLARED_SELECTOR = YES;
				GCC_WARN_UNINITIALIZED_AUTOS = YES_AGGRESSIVE;
				GCC_WARN_UNUSED_FUNCTION = YES;
				GCC_WARN_UNUSED_VARIABLE = YES;
				IPHONEOS_DEPLOYMENT_TARGET = 9.3;
				MTL_ENABLE_DEBUG_INFO = NO;
				SDKROOT = iphoneos;
				TARGETED_DEVICE_FAMILY = "1,2";
				VALIDATE_PRODUCT = YES;
			};
			name = Release;
		};
		B8719F8B1CF833FE0049FD5B /* Debug */ = {
			isa = XCBuildConfiguration;
			buildSettings = {
				ASSETCATALOG_COMPILER_APPICON_NAME = AppIcon;
				DEVELOPMENT_TEAM = K2VBE95LX6;
				INFOPLIST_FILE = LVMAlertHUD/Info.plist;
				IPHONEOS_DEPLOYMENT_TARGET = 8.4;
				LD_RUNPATH_SEARCH_PATHS = "$(inherited) @executable_path/Frameworks";
				PRODUCT_BUNDLE_IDENTIFIER = com.secoo.www.LVMAlertHUD;
				PRODUCT_NAME = "$(TARGET_NAME)";
			};
			name = Debug;
		};
		B8719F8C1CF833FE0049FD5B /* Release */ = {
			isa = XCBuildConfiguration;
			buildSettings = {
				ASSETCATALOG_COMPILER_APPICON_NAME = AppIcon;
				DEVELOPMENT_TEAM = K2VBE95LX6;
				INFOPLIST_FILE = LVMAlertHUD/Info.plist;
				IPHONEOS_DEPLOYMENT_TARGET = 8.4;
				LD_RUNPATH_SEARCH_PATHS = "$(inherited) @executable_path/Frameworks";
				PRODUCT_BUNDLE_IDENTIFIER = com.secoo.www.LVMAlertHUD;
				PRODUCT_NAME = "$(TARGET_NAME)";
			};
			name = Release;
		};
/* End XCBuildConfiguration section */

/* Begin XCConfigurationList section */
		B8719F6E1CF833FE0049FD5B /* Build configuration list for PBXProject "LVMAlertHUD" */ = {
			isa = XCConfigurationList;
			buildConfigurations = (
				B8719F881CF833FE0049FD5B /* Debug */,
				B8719F891CF833FE0049FD5B /* Release */,
			);
			defaultConfigurationIsVisible = 0;
			defaultConfigurationName = Release;
		};
		B8719F8A1CF833FE0049FD5B /* Build configuration list for PBXNativeTarget "LVMAlertHUD" */ = {
			isa = XCConfigurationList;
			buildConfigurations = (
				B8719F8B1CF833FE0049FD5B /* Debug */,
				B8719F8C1CF833FE0049FD5B /* Release */,
			);
			defaultConfigurationIsVisible = 0;
			defaultConfigurationName = Release;
		};
/* End XCConfigurationList section */
	};
	rootObject = B8719F6B1CF833FE0049FD5B /* Project object */;
}
